PODS:
  - Alamofire (5.8.1)
  - SDWebImage (5.9.5):
    - SDWebImage/Core (= 5.9.5)
  - SDWebImage/Core (5.9.5)
  - SwiftyJSON (5.0.1)

DEPENDENCIES:
  - Alamofire
  - SDWebImage (~> 5.0)
  - SwiftyJSON

SPEC REPOS:
  trunk:
    - Alamofire
    - SDWebImage
    - SwiftyJSON

SPEC CHECKSUMS:
  Alamofire: 3ca42e259043ee0dc5c0cdd76c4bc568b8e42af7
  SDWebImage: 0b2ba0d56479bf6a45ecddbfd5558bea93150d25
  SwiftyJSON: 2f33a42c6fbc52764d96f13368585094bfd8aa5e

PODFILE CHECKSUM: 61d9210f806a1f11f2a6c28a06f6eaf216394ec9

COCOAPODS: 1.12.1
